
Microsoft Visual Studio Solution File, Format Version 12.00
# Visual Studio 15
VisualStudioVersion = 15.0.26124.0
MinimumVisualStudioVersion = 15.0.26124.0
Project("{2150E333-8FDC-42A3-9474-1A3956D46DE8}") = "Src", "Src", "{7D1578A7-5E5A-4880-BDDB-CD2A9FD2FA9E}"
EndProject
Project("{FAE04EC0-301F-11D3-BF4B-00C04F79EFBC}") = "Models", "Src\Models\Models.csproj", "{0DEE7AB2-3FE0-460F-BE6A-4D77CE9B96D6}"
EndProject
Project("{FAE04EC0-301F-11D3-BF4B-00C04F79EFBC}") = "Repositories", "Src\Repositories\Repositories.csproj", "{CB1AD1EC-92B9-470A-9BF0-23B44836F29F}"
EndProject
Project("{FAE04EC0-301F-11D3-BF4B-00C04F79EFBC}") = "Services", "Src\Services\Services.csproj", "{7D76F85C-6FEC-4FDA-AFAA-7ED7110ACE13}"
EndProject
Project("{FAE04EC0-301F-11D3-BF4B-00C04F79EFBC}") = "Web", "Src\Web\Web.csproj", "{DFF70770-C576-4D3E-9038-8724D36286BB}"
EndProject
Project("{2150E333-8FDC-42A3-9474-1A3956D46DE8}") = "Tests", "Tests", "{8FA0BEBF-B394-411A-A657-E30A0AFC9BB3}"
EndProject
Project("{FAE04EC0-301F-11D3-BF4B-00C04F79EFBC}") = "Services.UnitTests", "Tests\Services.UnitTests\Services.UnitTests.csproj", "{2F0FDA0C-B565-4718-994F-AF2DEA2A54A5}"
EndProject
Project("{FAE04EC0-301F-11D3-BF4B-00C04F79EFBC}") = "Web.UnitTests", "Tests\Web.UnitTests\Web.UnitTests.csproj", "{9B6193F1-B854-48E1-969E-F714B67A994C}"
EndProject
Global
	GlobalSection(SolutionConfigurationPlatforms) = preSolution
		Debug|Any CPU = Debug|Any CPU
		Debug|x64 = Debug|x64
		Debug|x86 = Debug|x86
		Release|Any CPU = Release|Any CPU
		Release|x64 = Release|x64
		Release|x86 = Release|x86
	EndGlobalSection
	GlobalSection(SolutionProperties) = preSolution
		HideSolutionNode = FALSE
	EndGlobalSection
	GlobalSection(ProjectConfigurationPlatforms) = postSolution
		{0DEE7AB2-3FE0-460F-BE6A-4D77CE9B96D6}.Debug|Any CPU.ActiveCfg = Debug|Any CPU
		{0DEE7AB2-3FE0-460F-BE6A-4D77CE9B96D6}.Debug|Any CPU.Build.0 = Debug|Any CPU
		{0DEE7AB2-3FE0-460F-BE6A-4D77CE9B96D6}.Debug|x64.ActiveCfg = Debug|Any CPU
		{0DEE7AB2-3FE0-460F-BE6A-4D77CE9B96D6}.Debug|x64.Build.0 = Debug|Any CPU
		{0DEE7AB2-3FE0-460F-BE6A-4D77CE9B96D6}.Debug|x86.ActiveCfg = Debug|Any CPU
		{0DEE7AB2-3FE0-460F-BE6A-4D77CE9B96D6}.Debug|x86.Build.0 = Debug|Any CPU
		{0DEE7AB2-3FE0-460F-BE6A-4D77CE9B96D6}.Release|Any CPU.ActiveCfg = Release|Any CPU
		{0DEE7AB2-3FE0-460F-BE6A-4D77CE9B96D6}.Release|Any CPU.Build.0 = Release|Any CPU
		{0DEE7AB2-3FE0-460F-BE6A-4D77CE9B96D6}.Release|x64.ActiveCfg = Release|Any CPU
		{0DEE7AB2-3FE0-460F-BE6A-4D77CE9B96D6}.Release|x64.Build.0 = Release|Any CPU
		{0DEE7AB2-3FE0-460F-BE6A-4D77CE9B96D6}.Release|x86.ActiveCfg = Release|Any CPU
		{0DEE7AB2-3FE0-460F-BE6A-4D77CE9B96D6}.Release|x86.Build.0 = Release|Any CPU
		{CB1AD1EC-92B9-470A-9BF0-23B44836F29F}.Debug|Any CPU.ActiveCfg = Debug|Any CPU
		{CB1AD1EC-92B9-470A-9BF0-23B44836F29F}.Debug|Any CPU.Build.0 = Debug|Any CPU
		{CB1AD1EC-92B9-470A-9BF0-23B44836F29F}.Debug|x64.ActiveCfg = Debug|Any CPU
		{CB1AD1EC-92B9-470A-9BF0-23B44836F29F}.Debug|x64.Build.0 = Debug|Any CPU
		{CB1AD1EC-92B9-470A-9BF0-23B44836F29F}.Debug|x86.ActiveCfg = Debug|Any CPU
		{CB1AD1EC-92B9-470A-9BF0-23B44836F29F}.Debug|x86.Build.0 = Debug|Any CPU
		{CB1AD1EC-92B9-470A-9BF0-23B44836F29F}.Release|Any CPU.ActiveCfg = Release|Any CPU
		{CB1AD1EC-92B9-470A-9BF0-23B44836F29F}.Release|Any CPU.Build.0 = Release|Any CPU
		{CB1AD1EC-92B9-470A-9BF0-23B44836F29F}.Release|x64.ActiveCfg = Release|Any CPU
		{CB1AD1EC-92B9-470A-9BF0-23B44836F29F}.Release|x64.Build.0 = Release|Any CPU
		{CB1AD1EC-92B9-470A-9BF0-23B44836F29F}.Release|x86.ActiveCfg = Release|Any CPU
		{CB1AD1EC-92B9-470A-9BF0-23B44836F29F}.Release|x86.Build.0 = Release|Any CPU
		{7D76F85C-6FEC-4FDA-AFAA-7ED7110ACE13}.Debug|Any CPU.ActiveCfg = Debug|Any CPU
		{7D76F85C-6FEC-4FDA-AFAA-7ED7110ACE13}.Debug|Any CPU.Build.0 = Debug|Any CPU
		{7D76F85C-6FEC-4FDA-AFAA-7ED7110ACE13}.Debug|x64.ActiveCfg = Debug|Any CPU
		{7D76F85C-6FEC-4FDA-AFAA-7ED7110ACE13}.Debug|x64.Build.0 = Debug|Any CPU
		{7D76F85C-6FEC-4FDA-AFAA-7ED7110ACE13}.Debug|x86.ActiveCfg = Debug|Any CPU
		{7D76F85C-6FEC-4FDA-AFAA-7ED7110ACE13}.Debug|x86.Build.0 = Debug|Any CPU
		{7D76F85C-6FEC-4FDA-AFAA-7ED7110ACE13}.Release|Any CPU.ActiveCfg = Release|Any CPU
		{7D76F85C-6FEC-4FDA-AFAA-7ED7110ACE13}.Release|Any CPU.Build.0 = Release|Any CPU
		{7D76F85C-6FEC-4FDA-AFAA-7ED7110ACE13}.Release|x64.ActiveCfg = Release|Any CPU
		{7D76F85C-6FEC-4FDA-AFAA-7ED7110ACE13}.Release|x64.Build.0 = Release|Any CPU
		{7D76F85C-6FEC-4FDA-AFAA-7ED7110ACE13}.Release|x86.ActiveCfg = Release|Any CPU
		{7D76F85C-6FEC-4FDA-AFAA-7ED7110ACE13}.Release|x86.Build.0 = Release|Any CPU
		{DFF70770-C576-4D3E-9038-8724D36286BB}.Debug|Any CPU.ActiveCfg = Debug|Any CPU
		{DFF70770-C576-4D3E-9038-8724D36286BB}.Debug|Any CPU.Build.0 = Debug|Any CPU
		{DFF70770-C576-4D3E-9038-8724D36286BB}.Debug|x64.ActiveCfg = Debug|Any CPU
		{DFF70770-C576-4D3E-9038-8724D36286BB}.Debug|x64.Build.0 = Debug|Any CPU
		{DFF70770-C576-4D3E-9038-8724D36286BB}.Debug|x86.ActiveCfg = Debug|Any CPU
		{DFF70770-C576-4D3E-9038-8724D36286BB}.Debug|x86.Build.0 = Debug|Any CPU
		{DFF70770-C576-4D3E-9038-8724D36286BB}.Release|Any CPU.ActiveCfg = Release|Any CPU
		{DFF70770-C576-4D3E-9038-8724D36286BB}.Release|Any CPU.Build.0 = Release|Any CPU
		{DFF70770-C576-4D3E-9038-8724D36286BB}.Release|x64.ActiveCfg = Release|Any CPU
		{DFF70770-C576-4D3E-9038-8724D36286BB}.Release|x64.Build.0 = Release|Any CPU
		{DFF70770-C576-4D3E-9038-8724D36286BB}.Release|x86.ActiveCfg = Release|Any CPU
		{DFF70770-C576-4D3E-9038-8724D36286BB}.Release|x86.Build.0 = Release|Any CPU
		{2F0FDA0C-B565-4718-994F-AF2DEA2A54A5}.Debug|Any CPU.ActiveCfg = Debug|Any CPU
		{2F0FDA0C-B565-4718-994F-AF2DEA2A54A5}.Debug|Any CPU.Build.0 = Debug|Any CPU
		{2F0FDA0C-B565-4718-994F-AF2DEA2A54A5}.Debug|x64.ActiveCfg = Debug|Any CPU
		{2F0FDA0C-B565-4718-994F-AF2DEA2A54A5}.Debug|x64.Build.0 = Debug|Any CPU
		{2F0FDA0C-B565-4718-994F-AF2DEA2A54A5}.Debug|x86.ActiveCfg = Debug|Any CPU
		{2F0FDA0C-B565-4718-994F-AF2DEA2A54A5}.Debug|x86.Build.0 = Debug|Any CPU
		{2F0FDA0C-B565-4718-994F-AF2DEA2A54A5}.Release|Any CPU.ActiveCfg = Release|Any CPU
		{2F0FDA0C-B565-4718-994F-AF2DEA2A54A5}.Release|Any CPU.Build.0 = Release|Any CPU
		{2F0FDA0C-B565-4718-994F-AF2DEA2A54A5}.Release|x64.ActiveCfg = Release|Any CPU
		{2F0FDA0C-B565-4718-994F-AF2DEA2A54A5}.Release|x64.Build.0 = Release|Any CPU
		{2F0FDA0C-B565-4718-994F-AF2DEA2A54A5}.Release|x86.ActiveCfg = Release|Any CPU
		{2F0FDA0C-B565-4718-994F-AF2DEA2A54A5}.Release|x86.Build.0 = Release|Any CPU
		{9B6193F1-B854-48E1-969E-F714B67A994C}.Debug|Any CPU.ActiveCfg = Debug|Any CPU
		{9B6193F1-B854-48E1-969E-F714B67A994C}.Debug|Any CPU.Build.0 = Debug|Any CPU
		{9B6193F1-B854-48E1-969E-F714B67A994C}.Debug|x64.ActiveCfg = Debug|Any CPU
		{9B6193F1-B854-48E1-969E-F714B67A994C}.Debug|x64.Build.0 = Debug|Any CPU
		{9B6193F1-B854-48E1-969E-F714B67A994C}.Debug|x86.ActiveCfg = Debug|Any CPU
		{9B6193F1-B854-48E1-969E-F714B67A994C}.Debug|x86.Build.0 = Debug|Any CPU
		{9B6193F1-B854-48E1-969E-F714B67A994C}.Release|Any CPU.ActiveCfg = Release|Any CPU
		{9B6193F1-B854-48E1-969E-F714B67A994C}.Release|Any CPU.Build.0 = Release|Any CPU
		{9B6193F1-B854-48E1-969E-F714B67A994C}.Release|x64.ActiveCfg = Release|Any CPU
		{9B6193F1-B854-48E1-969E-F714B67A994C}.Release|x64.Build.0 = Release|Any CPU
		{9B6193F1-B854-48E1-969E-F714B67A994C}.Release|x86.ActiveCfg = Release|Any CPU
		{9B6193F1-B854-48E1-969E-F714B67A994C}.Release|x86.Build.0 = Release|Any CPU
	EndGlobalSection
	GlobalSection(NestedProjects) = preSolution
		{0DEE7AB2-3FE0-460F-BE6A-4D77CE9B96D6} = {7D1578A7-5E5A-4880-BDDB-CD2A9FD2FA9E}
		{CB1AD1EC-92B9-470A-9BF0-23B44836F29F} = {7D1578A7-5E5A-4880-BDDB-CD2A9FD2FA9E}
		{7D76F85C-6FEC-4FDA-AFAA-7ED7110ACE13} = {7D1578A7-5E5A-4880-BDDB-CD2A9FD2FA9E}
		{DFF70770-C576-4D3E-9038-8724D36286BB} = {7D1578A7-5E5A-4880-BDDB-CD2A9FD2FA9E}
		{2F0FDA0C-B565-4718-994F-AF2DEA2A54A5} = {8FA0BEBF-B394-411A-A657-E30A0AFC9BB3}
		{9B6193F1-B854-48E1-969E-F714B67A994C} = {8FA0BEBF-B394-411A-A657-E30A0AFC9BB3}
	EndGlobalSection
EndGlobal
